
Microsoft Visual Studio Solution File, Format Version 12.00
# Visual Studio Version 17
VisualStudioVersion = 17.9.34728.123
MinimumVisualStudioVersion = 10.0.40219.1
Project("{FAE04EC0-301F-11D3-BF4B-00C04F79EFBC}") = "HelloWorld", "HelloWorld\HelloWorld.csproj", "{AE0AEC50-9DD8-49E6-A5B6-07E45687405B}"
EndProject
Global
	GlobalSection(SolutionConfigurationPlatforms) = preSolution
		Debug|Any CPU = Debug|Any CPU
		Release|Any CPU = Release|Any CPU
	EndGlobalSection
	GlobalSection(ProjectConfigurationPlatforms) = postSolution
		{AE0AEC50-9DD8-49E6-A5B6-07E45687405B}.Debug|Any CPU.ActiveCfg = Debug|Any CPU
		{AE0AEC50-9DD8-49E6-A5B6-07E45687405B}.Debug|Any CPU.Build.0 = Debug|Any CPU
		{AE0AEC50-9DD8-49E6-A5B6-07E45687405B}.Release|Any CPU.ActiveCfg = Release|Any CPU
		{AE0AEC50-9DD8-49E6-A5B6-07E45687405B}.Release|Any CPU.Build.0 = Release|Any CPU
	EndGlobalSection
	GlobalSection(SolutionProperties) = preSolution
		HideSolutionNode = FALSE
	EndGlobalSection
	GlobalSection(ExtensibilityGlobals) = postSolution
		SolutionGuid = {EEA05969-28E8-4D1C-8537-86F870E52805}
	EndGlobalSection
EndGlobal
