
Microsoft Visual Studio Solution File, Format Version 12.00
# Visual Studio Version 17
VisualStudioVersion = 17.9.34728.123
MinimumVisualStudioVersion = 10.0.40219.1
Project("{FAE04EC0-301F-11D3-BF4B-00C04F79EFBC}") = "constructor", "constructor\constructor.csproj", "{EB3AA24C-197E-48E4-8B2C-D28909E2E4AF}"
EndProject
Global
	GlobalSection(SolutionConfigurationPlatforms) = preSolution
		Debug|Any CPU = Debug|Any CPU
		Release|Any CPU = Release|Any CPU
	EndGlobalSection
	GlobalSection(ProjectConfigurationPlatforms) = postSolution
		{EB3AA24C-197E-48E4-8B2C-D28909E2E4AF}.Debug|Any CPU.ActiveCfg = Debug|Any CPU
		{EB3AA24C-197E-48E4-8B2C-D28909E2E4AF}.Debug|Any CPU.Build.0 = Debug|Any CPU
		{EB3AA24C-197E-48E4-8B2C-D28909E2E4AF}.Release|Any CPU.ActiveCfg = Release|Any CPU
		{EB3AA24C-197E-48E4-8B2C-D28909E2E4AF}.Release|Any CPU.Build.0 = Release|Any CPU
	EndGlobalSection
	GlobalSection(SolutionProperties) = preSolution
		HideSolutionNode = FALSE
	EndGlobalSection
	GlobalSection(ExtensibilityGlobals) = postSolution
		SolutionGuid = {79C466F4-16F8-487B-9451-B03119855B44}
	EndGlobalSection
EndGlobal
